// !$*UTF8*$!
{
	archiveVersion = 1;
	classes = {
	};
	objectVersion = 46;
	objects = {

/* Begin PBXBuildFile section */
		3AA2B3121C57FB47000BA244 /* main.m in Sources */ = {isa = PBXBuildFile; fileRef = 3AA2B3111C57FB47000BA244 /* main.m */; };
		3AA2B3151C57FB47000BA244 /* AppDelegate.m in Sources */ = {isa = PBXBuildFile; fileRef = 3AA2B3141C57FB47000BA244 /* AppDelegate.m */; };
		3AA2B3181C57FB47000BA244 /* ViewController.m in Sources */ = {isa = PBXBuildFile; fileRef = 3AA2B3171C57FB47000BA244 /* ViewController.m */; };
		3AA2B31B1C57FB47000BA244 /* Main.storyboard in Resources */ = {isa = PBXBuildFile; fileRef = 3AA2B3191C57FB47000BA244 /* Main.storyboard */; };
		3AA2B31E1C57FB47000BA244 /* fdsfdsfsdf.xcdatamodeld in Sources */ = {isa = PBXBuildFile; fileRef = 3AA2B31C1C57FB47000BA244 /* fdsfdsfsdf.xcdatamodeld */; };
		3AA2B3201C57FB47000BA244 /* Assets.xcassets in Resources */ = {isa = PBXBuildFile; fileRef = 3AA2B31F1C57FB47000BA244 /* Assets.xcassets */; };
		3AA2B3231C57FB47000BA244 /* LaunchScreen.storyboard in Resources */ = {isa = PBXBuildFile; fileRef = 3AA2B3211C57FB47000BA244 /* LaunchScreen.storyboard */; };
		3AA2B32D1C57FB83000BA244 /* CustomizaTableViewCell.m in Sources */ = {isa = PBXBuildFile; fileRef = 3AA2B32B1C57FB83000BA244 /* CustomizaTableViewCell.m */; };
		3AA2B32E1C57FB83000BA244 /* CustomizaTableViewCell.xib in Resources */ = {isa = PBXBuildFile; fileRef = 3AA2B32C1C57FB83000BA244 /* CustomizaTableViewCell.xib */; };
		3AA2B3311C57FE0C000BA244 /* CustomClas.m in Sources */ = {isa = PBXBuildFile; fileRef = 3AA2B3301C57FE0C000BA244 /* CustomClas.m */; };
		3AF6AB091C6763A40080A01E /* ViewController2.m in Sources */ = {isa = PBXBuildFile; fileRef = 3AF6AB081C6763A40080A01E /* ViewController2.m */; };
		3AF6AB0D1C6768E00080A01E /* Custom2TableViewCell.m in Sources */ = {isa = PBXBuildFile; fileRef = 3AF6AB0B1C6768E00080A01E /* Custom2TableViewCell.m */; };
		3AF6AB0E1C6768E00080A01E /* Custom2TableViewCell.xib in Resources */ = {isa = PBXBuildFile; fileRef = 3AF6AB0C1C6768E00080A01E /* Custom2TableViewCell.xib */; };
		3AF6AB111C676A560080A01E /* CustomClass2.m in Sources */ = {isa = PBXBuildFile; fileRef = 3AF6AB101C676A560080A01E /* CustomClass2.m */; };
		43444E341D097EAD00937200 /* Default-568h@2x.png in Resources */ = {isa = PBXBuildFile; fileRef = 43444E331D097EAD00937200 /* Default-568h@2x.png */; };
		43E34E301D094B3B007B68FB /* Radio_Button-128.png in Resources */ = {isa = PBXBuildFile; fileRef = 43E34E2E1D094B3B007B68FB /* Radio_Button-128.png */; };
		43E34E321D094D6B007B68FB /* Radiobutton-choice.png in Resources */ = {isa = PBXBuildFile; fileRef = 43E34E311D094D6B007B68FB /* Radiobutton-choice.png */; };
/* End PBXBuildFile section */

/* Begin PBXFileReference section */
		3AA2B30D1C57FB47000BA244 /* textTableview.app */ = {isa = PBXFileReference; explicitFileType = wrapper.application; includeInIndex = 0; path = textTableview.app; sourceTree = BUILT_PRODUCTS_DIR; };
		3AA2B3111C57FB47000BA244 /* main.m */ = {isa = PBXFileReference; lastKnownFileType = sourcecode.c.objc; path = main.m; sourceTree = "<group>"; };
		3AA2B3131C57FB47000BA244 /* AppDelegate.h */ = {isa = PBXFileReference; lastKnownFileType = sourcecode.c.h; path = AppDelegate.h; sourceTree = "<group>"; };
		3AA2B3141C57FB47000BA244 /* AppDelegate.m */ = {isa = PBXFileReference; lastKnownFileType = sourcecode.c.objc; path = AppDelegate.m; sourceTree = "<group>"; };
		3AA2B3161C57FB47000BA244 /* ViewController.h */ = {isa = PBXFileReference; lastKnownFileType = sourcecode.c.h; path = ViewController.h; sourceTree = "<group>"; };
		3AA2B3171C57FB47000BA244 /* ViewController.m */ = {isa = PBXFileReference; lastKnownFileType = sourcecode.c.objc; path = ViewController.m; sourceTree = "<group>"; };
		3AA2B31A1C57FB47000BA244 /* Base */ = {isa = PBXFileReference; lastKnownFileType = file.storyboard; name = Base; path = Base.lproj/Main.storyboard; sourceTree = "<group>"; };
		3AA2B31D1C57FB47000BA244 /* fdsfdsfsdf.xcdatamodel */ = {isa = PBXFileReference; lastKnownFileType = wrapper.xcdatamodel; path = fdsfdsfsdf.xcdatamodel; sourceTree = "<group>"; };
		3AA2B31F1C57FB47000BA244 /* Assets.xcassets */ = {isa = PBXFileReference; lastKnownFileType = folder.assetcatalog; path = Assets.xcassets; sourceTree = "<group>"; };
		3AA2B3221C57FB47000BA244 /* Base */ = {isa = PBXFileReference; lastKnownFileType = file.storyboard; name = Base; path = Base.lproj/LaunchScreen.storyboard; sourceTree = "<group>"; };
		3AA2B3241C57FB47000BA244 /* Info.plist */ = {isa = PBXFileReference; lastKnownFileType = text.plist.xml; path = Info.plist; sourceTree = "<group>"; };
		3AA2B32A1C57FB83000BA244 /* CustomizaTableViewCell.h */ = {isa = PBXFileReference; fileEncoding = 4; lastKnownFileType = sourcecode.c.h; path = CustomizaTableViewCell.h; sourceTree = "<group>"; };
		3AA2B32B1C57FB83000BA244 /* CustomizaTableViewCell.m */ = {isa = PBXFileReference; fileEncoding = 4; lastKnownFileType = sourcecode.c.objc; path = CustomizaTableViewCell.m; sourceTree = "<group>"; };
		3AA2B32C1C57FB83000BA244 /* CustomizaTableViewCell.xib */ = {isa = PBXFileReference; fileEncoding = 4; lastKnownFileType = file.xib; path = CustomizaTableViewCell.xib; sourceTree = "<group>"; };
		3AA2B32F1C57FE0C000BA244 /* CustomClas.h */ = {isa = PBXFileReference; fileEncoding = 4; lastKnownFileType = sourcecode.c.h; path = CustomClas.h; sourceTree = "<group>"; };
		3AA2B3301C57FE0C000BA244 /* CustomClas.m */ = {isa = PBXFileReference; fileEncoding = 4; lastKnownFileType = sourcecode.c.objc; path = CustomClas.m; sourceTree = "<group>"; };
		3AF6AB071C6763A40080A01E /* ViewController2.h */ = {isa = PBXFileReference; fileEncoding = 4; lastKnownFileType = sourcecode.c.h; path = ViewController2.h; sourceTree = "<group>"; };
		3AF6AB081C6763A40080A01E /* ViewController2.m */ = {isa = PBXFileReference; fileEncoding = 4; lastKnownFileType = sourcecode.c.objc; path = ViewController2.m; sourceTree = "<group>"; };
		3AF6AB0A1C6768E00080A01E /* Custom2TableViewCell.h */ = {isa = PBXFileReference; fileEncoding = 4; lastKnownFileType = sourcecode.c.h; path = Custom2TableViewCell.h; sourceTree = "<group>"; };
		3AF6AB0B1C6768E00080A01E /* Custom2TableViewCell.m */ = {isa = PBXFileReference; fileEncoding = 4; lastKnownFileType = sourcecode.c.objc; path = Custom2TableViewCell.m; sourceTree = "<group>"; };
		3AF6AB0C1C6768E00080A01E /* Custom2TableViewCell.xib */ = {isa = PBXFileReference; fileEncoding = 4; lastKnownFileType = file.xib; path = Custom2TableViewCell.xib; sourceTree = "<group>"; };
		3AF6AB0F1C676A560080A01E /* CustomClass2.h */ = {isa = PBXFileReference; fileEncoding = 4; lastKnownFileType = sourcecode.c.h; path = CustomClass2.h; sourceTree = "<group>"; };
		3AF6AB101C676A560080A01E /* CustomClass2.m */ = {isa = PBXFileReference; fileEncoding = 4; lastKnownFileType = sourcecode.c.objc; path = CustomClass2.m; sourceTree = "<group>"; };
		43444E331D097EAD00937200 /* Default-568h@2x.png */ = {isa = PBXFileReference; lastKnownFileType = image.png; path = "Default-568h@2x.png"; sourceTree = "<group>"; };
		43E34E2E1D094B3B007B68FB /* Radio_Button-128.png */ = {isa = PBXFileReference; lastKnownFileType = image.png; path = "Radio_Button-128.png"; sourceTree = "<group>"; };
		43E34E311D094D6B007B68FB /* Radiobutton-choice.png */ = {isa = PBXFileReference; lastKnownFileType = image.png; path = "Radiobutton-choice.png"; sourceTree = "<group>"; };
/* End PBXFileReference section */

/* Begin PBXFrameworksBuildPhase section */
		3AA2B30A1C57FB47000BA244 /* Frameworks */ = {
			isa = PBXFrameworksBuildPhase;
			buildActionMask = 2147483647;
			files = (
			);
			runOnlyForDeploymentPostprocessing = 0;
		};
/* End PBXFrameworksBuildPhase section */

/* Begin PBXGroup section */
		3AA2B3041C57FB47000BA244 = {
			isa = PBXGroup;
			children = (
				43444E331D097EAD00937200 /* Default-568h@2x.png */,
				3AA2B30F1C57FB47000BA244 /* txtTableview */,
				3AA2B30E1C57FB47000BA244 /* Products */,
			);
			sourceTree = "<group>";
		};
		3AA2B30E1C57FB47000BA244 /* Products */ = {
			isa = PBXGroup;
			children = (
				3AA2B30D1C57FB47000BA244 /* textTableview.app */,
			);
			name = Products;
			sourceTree = "<group>";
		};
		3AA2B30F1C57FB47000BA244 /* txtTableview */ = {
			isa = PBXGroup;
			children = (
				3AA2B3131C57FB47000BA244 /* AppDelegate.h */,
				3AA2B3141C57FB47000BA244 /* AppDelegate.m */,
				3AA2B3161C57FB47000BA244 /* ViewController.h */,
				3AA2B3171C57FB47000BA244 /* ViewController.m */,
				3AA2B3191C57FB47000BA244 /* Main.storyboard */,
				3AA2B31F1C57FB47000BA244 /* Assets.xcassets */,
				3AA2B3211C57FB47000BA244 /* LaunchScreen.storyboard */,
				3AA2B3241C57FB47000BA244 /* Info.plist */,
				3AA2B31C1C57FB47000BA244 /* fdsfdsfsdf.xcdatamodeld */,
				3AA2B3101C57FB47000BA244 /* Supporting Files */,
				3AA2B32A1C57FB83000BA244 /* CustomizaTableViewCell.h */,
				3AA2B32B1C57FB83000BA244 /* CustomizaTableViewCell.m */,
				3AA2B32C1C57FB83000BA244 /* CustomizaTableViewCell.xib */,
				3AA2B32F1C57FE0C000BA244 /* CustomClas.h */,
				3AA2B3301C57FE0C000BA244 /* CustomClas.m */,
				3AF6AB071C6763A40080A01E /* ViewController2.h */,
				3AF6AB081C6763A40080A01E /* ViewController2.m */,
				3AF6AB0A1C6768E00080A01E /* Custom2TableViewCell.h */,
				3AF6AB0B1C6768E00080A01E /* Custom2TableViewCell.m */,
				3AF6AB0C1C6768E00080A01E /* Custom2TableViewCell.xib */,
				3AF6AB0F1C676A560080A01E /* CustomClass2.h */,
				3AF6AB101C676A560080A01E /* CustomClass2.m */,
			);
			name = txtTableview;
			path = fdsfdsfsdf;
			sourceTree = "<group>";
		};
		3AA2B3101C57FB47000BA244 /* Supporting Files */ = {
			isa = PBXGroup;
			children = (
				43E34E311D094D6B007B68FB /* Radiobutton-choice.png */,
				43E34E2E1D094B3B007B68FB /* Radio_Button-128.png */,
				3AA2B3111C57FB47000BA244 /* main.m */,
			);
			name = "Supporting Files";
			sourceTree = "<group>";
		};
/* End PBXGroup section */

/* Begin PBXNativeTarget section */
		3AA2B30C1C57FB47000BA244 /* textTableview */ = {
			isa = PBXNativeTarget;
			buildConfigurationList = 3AA2B3271C57FB47000BA244 /* Build configuration list for PBXNativeTarget "textTableview" */;
			buildPhases = (
				3AA2B3091C57FB47000BA244 /* Sources */,
				3AA2B30A1C57FB47000BA244 /* Frameworks */,
				3AA2B30B1C57FB47000BA244 /* Resources */,
			);
			buildRules = (
			);
			dependencies = (
			);
			name = textTableview;
			productName = fdsfdsfsdf;
			productReference = 3AA2B30D1C57FB47000BA244 /* textTableview.app */;
			productType = "com.apple.product-type.application";
		};
/* End PBXNativeTarget section */

/* Begin PBXProject section */
		3AA2B3051C57FB47000BA244 /* Project object */ = {
			isa = PBXProject;
			attributes = {
				LastUpgradeCheck = 0720;
				ORGANIZATIONNAME = "Jose Pose Salgueiro";
				TargetAttributes = {
					3AA2B30C1C57FB47000BA244 = {
						CreatedOnToolsVersion = 7.2;
					};
				};
			};
			buildConfigurationList = 3AA2B3081C57FB47000BA244 /* Build configuration list for PBXProject "textTableview" */;
			compatibilityVersion = "Xcode 3.2";
			developmentRegion = English;
			hasScannedForEncodings = 0;
			knownRegions = (
				en,
				Base,
			);
			mainGroup = 3AA2B3041C57FB47000BA244;
			productRefGroup = 3AA2B30E1C57FB47000BA244 /* Products */;
			projectDirPath = "";
			projectRoot = "";
			targets = (
				3AA2B30C1C57FB47000BA244 /* textTableview */,
			);
		};
/* End PBXProject section */

/* Begin PBXResourcesBuildPhase section */
		3AA2B30B1C57FB47000BA244 /* Resources */ = {
			isa = PBXResourcesBuildPhase;
			buildActionMask = 2147483647;
			files = (
				3AA2B3231C57FB47000BA244 /* LaunchScreen.storyboard in Resources */,
				3AA2B32E1C57FB83000BA244 /* CustomizaTableViewCell.xib in Resources */,
				3AA2B3201C57FB47000BA244 /* Assets.xcassets in Resources */,
				3AF6AB0E1C6768E00080A01E /* Custom2TableViewCell.xib in Resources */,
				43E34E321D094D6B007B68FB /* Radiobutton-choice.png in Resources */,
				43444E341D097EAD00937200 /* Default-568h@2x.png in Resources */,
				43E34E301D094B3B007B68FB /* Radio_Button-128.png in Resources */,
				3AA2B31B1C57FB47000BA244 /* Main.storyboard in Resources */,
			);
			runOnlyForDeploymentPostprocessing = 0;
		};
/* End PBXResourcesBuildPhase section */

/* Begin PBXSourcesBuildPhase section */
		3AA2B3091C57FB47000BA244 /* Sources */ = {
			isa = PBXSourcesBuildPhase;
			buildActionMask = 2147483647;
			files = (
				3AF6AB091C6763A40080A01E /* ViewController2.m in Sources */,
				3AF6AB0D1C6768E00080A01E /* Custom2TableViewCell.m in Sources */,
				3AA2B31E1C57FB47000BA244 /* fdsfdsfsdf.xcdatamodeld in Sources */,
				3AA2B3181C57FB47000BA244 /* ViewController.m in Sources */,
				3AA2B3151C57FB47000BA244 /* AppDelegate.m in Sources */,
				3AA2B3121C57FB47000BA244 /* main.m in Sources */,
				3AF6AB111C676A560080A01E /* CustomClass2.m in Sources */,
				3AA2B32D1C57FB83000BA244 /* CustomizaTableViewCell.m in Sources */,
				3AA2B3311C57FE0C000BA244 /* CustomClas.m in Sources */,
			);
			runOnlyForDeploymentPostprocessing = 0;
		};
/* End PBXSourcesBuildPhase section */

/* Begin PBXVariantGroup section */
		3AA2B3191C57FB47000BA244 /* Main.storyboard */ = {
			isa = PBXVariantGroup;
			children = (
				3AA2B31A1C57FB47000BA244 /* Base */,
			);
			name = Main.storyboard;
			sourceTree = "<group>";
		};
		3AA2B3211C57FB47000BA244 /* LaunchScreen.storyboard */ = {
			isa = PBXVariantGroup;
			children = (
				3AA2B3221C57FB47000BA244 /* Base */,
			);
			name = LaunchScreen.storyboard;
			sourceTree = "<group>";
		};
/* End PBXVariantGroup section */

/* Begin XCBuildConfiguration section */
		3AA2B3251C57FB47000BA244 /* Debug */ = {
			isa = XCBuildConfiguration;
			buildSettings = {
				ALWAYS_SEARCH_USER_PATHS = NO;
				CLANG_CXX_LANGUAGE_STANDARD = "gnu++0x";
				CLANG_CXX_LIBRARY = "libc++";
				CLANG_ENABLE_MODULES = YES;
				CLANG_ENABLE_OBJC_ARC = YES;
				CLANG_WARN_BOOL_CONVERSION = YES;
				CLANG_WARN_CONSTANT_CONVERSION = YES;
				CLANG_WARN_DIRECT_OBJC_ISA_USAGE = YES_ERROR;
				CLANG_WARN_EMPTY_BODY = YES;
				CLANG_WARN_ENUM_CONVERSION = YES;
				CLANG_WARN_INT_CONVERSION = YES;
				CLANG_WARN_OBJC_ROOT_CLASS = YES_ERROR;
				CLANG_WARN_UNREACHABLE_CODE = YES;
				CLANG_WARN__DUPLICATE_METHOD_MATCH = YES;
				"CODE_SIGN_IDENTITY[sdk=iphoneos*]" = "iPhone Developer";
				COPY_PHASE_STRIP = NO;
				DEBUG_INFORMATION_FORMAT = dwarf;
				ENABLE_STRICT_OBJC_MSGSEND = YES;
				ENABLE_TESTABILITY = YES;
				GCC_C_LANGUAGE_STANDARD = gnu99;
				GCC_DYNAMIC_NO_PIC = NO;
				GCC_NO_COMMON_BLOCKS = YES;
				GCC_OPTIMIZATION_LEVEL = 0;
				GCC_PREPROCESSOR_DEFINITIONS = (
					"DEBUG=1",
					"$(inherited)",
				);
				GCC_WARN_64_TO_32_BIT_CONVERSION = YES;
				GCC_WARN_ABOUT_RETURN_TYPE = YES_ERROR;
				GCC_WARN_UNDECLARED_SELECTOR = YES;
				GCC_WARN_UNINITIALIZED_AUTOS = YES_AGGRESSIVE;
				GCC_WARN_UNUSED_FUNCTION = YES;
				GCC_WARN_UNUSED_VARIABLE = YES;
				IPHONEOS_DEPLOYMENT_TARGET = 9.2;
				MTL_ENABLE_DEBUG_INFO = YES;
				ONLY_ACTIVE_ARCH = YES;
				SDKROOT = iphoneos;
				TARGETED_DEVICE_FAMILY = "1,2";
			};
			name = Debug;
		};
		3AA2B3261C57FB47000BA244 /* Release */ = {
			isa = XCBuildConfiguration;
			buildSettings = {
				ALWAYS_SEARCH_USER_PATHS = NO;
				CLANG_CXX_LANGUAGE_STANDARD = "gnu++0x";
				CLANG_CXX_LIBRARY = "libc++";
				CLANG_ENABLE_MODULES = YES;
				CLANG_ENABLE_OBJC_ARC = YES;
				CLANG_WARN_BOOL_CONVERSION = YES;
				CLANG_WARN_CONSTANT_CONVERSION = YES;
				CLANG_WARN_DIRECT_OBJC_ISA_USAGE = YES_ERROR;
				CLANG_WARN_EMPTY_BODY = YES;
				CLANG_WARN_ENUM_CONVERSION = YES;
				CLANG_WARN_INT_CONVERSION = YES;
				CLANG_WARN_OBJC_ROOT_CLASS = YES_ERROR;
				CLANG_WARN_UNREACHABLE_CODE = YES;
				CLANG_WARN__DUPLICATE_METHOD_MATCH = YES;
				"CODE_SIGN_IDENTITY[sdk=iphoneos*]" = "iPhone Developer";
				COPY_PHASE_STRIP = NO;
				DEBUG_INFORMATION_FORMAT = "dwarf-with-dsym";
				ENABLE_NS_ASSERTIONS = NO;
				ENABLE_STRICT_OBJC_MSGSEND = YES;
				GCC_C_LANGUAGE_STANDARD = gnu99;
				GCC_NO_COMMON_BLOCKS = YES;
				GCC_WARN_64_TO_32_BIT_CONVERSION = YES;
				GCC_WARN_ABOUT_RETURN_TYPE = YES_ERROR;
				GCC_WARN_UNDECLARED_SELECTOR = YES;
				GCC_WARN_UNINITIALIZED_AUTOS = YES_AGGRESSIVE;
				GCC_WARN_UNUSED_FUNCTION = YES;
				GCC_WARN_UNUSED_VARIABLE = YES;
				IPHONEOS_DEPLOYMENT_TARGET = 9.2;
				MTL_ENABLE_DEBUG_INFO = NO;
				SDKROOT = iphoneos;
				TARGETED_DEVICE_FAMILY = "1,2";
				VALIDATE_PRODUCT = YES;
			};
			name = Release;
		};
		3AA2B3281C57FB47000BA244 /* Debug */ = {
			isa = XCBuildConfiguration;
			buildSettings = {
				INFOPLIST_FILE = fdsfdsfsdf/Info.plist;
				IPHONEOS_DEPLOYMENT_TARGET = 9.3;
				LD_RUNPATH_SEARCH_PATHS = "$(inherited) @executable_path/Frameworks";
				PRODUCT_BUNDLE_IDENTIFIER = com.revo.txtTableview;
				PRODUCT_NAME = textTableview;
			};
			name = Debug;
		};
		3AA2B3291C57FB47000BA244 /* Release */ = {
			isa = XCBuildConfiguration;
			buildSettings = {
				INFOPLIST_FILE = fdsfdsfsdf/Info.plist;
				IPHONEOS_DEPLOYMENT_TARGET = 9.3;
				LD_RUNPATH_SEARCH_PATHS = "$(inherited) @executable_path/Frameworks";
				PRODUCT_BUNDLE_IDENTIFIER = com.revo.txtTableview;
				PRODUCT_NAME = textTableview;
			};
			name = Release;
		};
/* End XCBuildConfiguration section */

/* Begin XCConfigurationList section */
		3AA2B3081C57FB47000BA244 /* Build configuration list for PBXProject "textTableview" */ = {
			isa = XCConfigurationList;
			buildConfigurations = (
				3AA2B3251C57FB47000BA244 /* Debug */,
				3AA2B3261C57FB47000BA244 /* Release */,
			);
			defaultConfigurationIsVisible = 0;
			defaultConfigurationName = Release;
		};
		3AA2B3271C57FB47000BA244 /* Build configuration list for PBXNativeTarget "textTableview" */ = {
			isa = XCConfigurationList;
			buildConfigurations = (
				3AA2B3281C57FB47000BA244 /* Debug */,
				3AA2B3291C57FB47000BA244 /* Release */,
			);
			defaultConfigurationIsVisible = 0;
			defaultConfigurationName = Release;
		};
/* End XCConfigurationList section */

/* Begin XCVersionGroup section */
		3AA2B31C1C57FB47000BA244 /* fdsfdsfsdf.xcdatamodeld */ = {
			isa = XCVersionGroup;
			children = (
				3AA2B31D1C57FB47000BA244 /* fdsfdsfsdf.xcdatamodel */,
			);
			currentVersion = 3AA2B31D1C57FB47000BA244 /* fdsfdsfsdf.xcdatamodel */;
			path = fdsfdsfsdf.xcdatamodeld;
			sourceTree = "<group>";
			versionGroupType = wrapper.xcdatamodel;
		};
/* End XCVersionGroup section */
	};
	rootObject = 3AA2B3051C57FB47000BA244 /* Project object */;
}
